// !$*UTF8*$!
{
	archiveVersion = 1;
	classes = {
	};
	objectVersion = 56;
	objects = {

/* Begin PBXBuildFile section */
		DA46EA5A2A2599E10086CE5F /* FlashcardsContainer.xcdatamodeld in Sources */ = {isa = PBXBuildFile; fileRef = DA46EA582A2599E10086CE5F /* FlashcardsContainer.xcdatamodeld */; };
		DA6C82E72A1BC5B0007B98F0 /* FlashcardsApp.swift in Sources */ = {isa = PBXBuildFile; fileRef = DA6C82E62A1BC5B0007B98F0 /* FlashcardsApp.swift */; };
		DA6C82E92A1BC5B0007B98F0 /* ContentView.swift in Sources */ = {isa = PBXBuildFile; fileRef = DA6C82E82A1BC5B0007B98F0 /* ContentView.swift */; };
		DA6C82EB2A1BC5B3007B98F0 /* Assets.xcassets in Resources */ = {isa = PBXBuildFile; fileRef = DA6C82EA2A1BC5B3007B98F0 /* Assets.xcassets */; };
		DA6C82EE2A1BC5B3007B98F0 /* Preview Assets.xcassets in Resources */ = {isa = PBXBuildFile; fileRef = DA6C82ED2A1BC5B3007B98F0 /* Preview Assets.xcassets */; };
		DA6C82F82A1BC5B3007B98F0 /* FlashcardsTests.swift in Sources */ = {isa = PBXBuildFile; fileRef = DA6C82F72A1BC5B3007B98F0 /* FlashcardsTests.swift */; };
		DA6C83142A1BD1B8007B98F0 /* CardListView.swift in Sources */ = {isa = PBXBuildFile; fileRef = DA6C83132A1BD1B8007B98F0 /* CardListView.swift */; };
		DA6C83162A1BD294007B98F0 /* QuizView.swift in Sources */ = {isa = PBXBuildFile; fileRef = DA6C83152A1BD294007B98F0 /* QuizView.swift */; };
		DA6C83182A1BD2B2007B98F0 /* SettingsView.swift in Sources */ = {isa = PBXBuildFile; fileRef = DA6C83172A1BD2B2007B98F0 /* SettingsView.swift */; };
		DA6C831A2A1BE197007B98F0 /* CardSetsView.swift in Sources */ = {isa = PBXBuildFile; fileRef = DA6C83192A1BE197007B98F0 /* CardSetsView.swift */; };
		DA6C831C2A1D13AB007B98F0 /* Localizable.strings in Resources */ = {isa = PBXBuildFile; fileRef = DA6C831B2A1D13AB007B98F0 /* Localizable.strings */; };
		DA6C831E2A1D156C007B98F0 /* CardListViewModel.swift in Sources */ = {isa = PBXBuildFile; fileRef = DA6C831D2A1D156C007B98F0 /* CardListViewModel.swift */; };
		DA6C83202A1D2025007B98F0 /* CardSetsViewModel.swift in Sources */ = {isa = PBXBuildFile; fileRef = DA6C831F2A1D2025007B98F0 /* CardSetsViewModel.swift */; };
		DA8140F62A2698E00015AD34 /* CoreDataService.swift in Sources */ = {isa = PBXBuildFile; fileRef = DA8140F52A2698E00015AD34 /* CoreDataService.swift */; };
/* End PBXBuildFile section */

/* Begin PBXContainerItemProxy section */
		DA6C82F42A1BC5B3007B98F0 /* PBXContainerItemProxy */ = {
			isa = PBXContainerItemProxy;
			containerPortal = DA6C82DB2A1BC5B0007B98F0 /* Project object */;
			proxyType = 1;
			remoteGlobalIDString = DA6C82E22A1BC5B0007B98F0;
			remoteInfo = Flashcards;
		};
/* End PBXContainerItemProxy section */

/* Begin PBXFileReference section */
		DA46EA592A2599E10086CE5F /* FlashcardsContainer.xcdatamodel */ = {isa = PBXFileReference; lastKnownFileType = wrapper.xcdatamodel; path = FlashcardsContainer.xcdatamodel; sourceTree = "<group>"; };
		DA6C82E32A1BC5B0007B98F0 /* Flashcards.app */ = {isa = PBXFileReference; explicitFileType = wrapper.application; includeInIndex = 0; path = Flashcards.app; sourceTree = BUILT_PRODUCTS_DIR; };
		DA6C82E62A1BC5B0007B98F0 /* FlashcardsApp.swift */ = {isa = PBXFileReference; lastKnownFileType = sourcecode.swift; path = FlashcardsApp.swift; sourceTree = "<group>"; };
		DA6C82E82A1BC5B0007B98F0 /* ContentView.swift */ = {isa = PBXFileReference; lastKnownFileType = sourcecode.swift; path = ContentView.swift; sourceTree = "<group>"; };
		DA6C82EA2A1BC5B3007B98F0 /* Assets.xcassets */ = {isa = PBXFileReference; lastKnownFileType = folder.assetcatalog; path = Assets.xcassets; sourceTree = "<group>"; };
		DA6C82ED2A1BC5B3007B98F0 /* Preview Assets.xcassets */ = {isa = PBXFileReference; lastKnownFileType = folder.assetcatalog; path = "Preview Assets.xcassets"; sourceTree = "<group>"; };
		DA6C82F32A1BC5B3007B98F0 /* FlashcardsTests.xctest */ = {isa = PBXFileReference; explicitFileType = wrapper.cfbundle; includeInIndex = 0; path = FlashcardsTests.xctest; sourceTree = BUILT_PRODUCTS_DIR; };
		DA6C82F72A1BC5B3007B98F0 /* FlashcardsTests.swift */ = {isa = PBXFileReference; lastKnownFileType = sourcecode.swift; path = FlashcardsTests.swift; sourceTree = "<group>"; };
		DA6C83132A1BD1B8007B98F0 /* CardListView.swift */ = {isa = PBXFileReference; lastKnownFileType = sourcecode.swift; path = CardListView.swift; sourceTree = "<group>"; };
		DA6C83152A1BD294007B98F0 /* QuizView.swift */ = {isa = PBXFileReference; lastKnownFileType = sourcecode.swift; path = QuizView.swift; sourceTree = "<group>"; };
		DA6C83172A1BD2B2007B98F0 /* SettingsView.swift */ = {isa = PBXFileReference; lastKnownFileType = sourcecode.swift; path = SettingsView.swift; sourceTree = "<group>"; };
		DA6C83192A1BE197007B98F0 /* CardSetsView.swift */ = {isa = PBXFileReference; lastKnownFileType = sourcecode.swift; path = CardSetsView.swift; sourceTree = "<group>"; };
		DA6C831B2A1D13AB007B98F0 /* Localizable.strings */ = {isa = PBXFileReference; lastKnownFileType = text.plist.strings; path = Localizable.strings; sourceTree = "<group>"; };
		DA6C831D2A1D156C007B98F0 /* CardListViewModel.swift */ = {isa = PBXFileReference; lastKnownFileType = sourcecode.swift; path = CardListViewModel.swift; sourceTree = "<group>"; };
		DA6C831F2A1D2025007B98F0 /* CardSetsViewModel.swift */ = {isa = PBXFileReference; lastKnownFileType = sourcecode.swift; path = CardSetsViewModel.swift; sourceTree = "<group>"; };
		DA8140F52A2698E00015AD34 /* CoreDataService.swift */ = {isa = PBXFileReference; lastKnownFileType = sourcecode.swift; path = CoreDataService.swift; sourceTree = "<group>"; };
/* End PBXFileReference section */

/* Begin PBXFrameworksBuildPhase section */
		DA6C82E02A1BC5B0007B98F0 /* Frameworks */ = {
			isa = PBXFrameworksBuildPhase;
			buildActionMask = 2147483647;
			files = (
			);
			runOnlyForDeploymentPostprocessing = 0;
		};
		DA6C82F02A1BC5B3007B98F0 /* Frameworks */ = {
			isa = PBXFrameworksBuildPhase;
			buildActionMask = 2147483647;
			files = (
			);
			runOnlyForDeploymentPostprocessing = 0;
		};
/* End PBXFrameworksBuildPhase section */

/* Begin PBXGroup section */
		DA6C82DA2A1BC5B0007B98F0 = {
			isa = PBXGroup;
			children = (
				DA6C82E52A1BC5B0007B98F0 /* Flashcards */,
				DA6C82F62A1BC5B3007B98F0 /* FlashcardsTests */,
				DA6C82E42A1BC5B0007B98F0 /* Products */,
			);
			sourceTree = "<group>";
		};
		DA6C82E42A1BC5B0007B98F0 /* Products */ = {
			isa = PBXGroup;
			children = (
				DA6C82E32A1BC5B0007B98F0 /* Flashcards.app */,
				DA6C82F32A1BC5B3007B98F0 /* FlashcardsTests.xctest */,
			);
			name = Products;
			sourceTree = "<group>";
		};
		DA6C82E52A1BC5B0007B98F0 /* Flashcards */ = {
			isa = PBXGroup;
			children = (
				DA6C83102A1BD18C007B98F0 /* Model */,
				DA6C83122A1BD199007B98F0 /* View */,
				DA6C83112A1BD193007B98F0 /* ViewModel */,
				DA8140F42A2698D10015AD34 /* Services */,
				DA6C82E62A1BC5B0007B98F0 /* FlashcardsApp.swift */,
				DA6C82E82A1BC5B0007B98F0 /* ContentView.swift */,
				DA46EA582A2599E10086CE5F /* FlashcardsContainer.xcdatamodeld */,
				DA6C831B2A1D13AB007B98F0 /* Localizable.strings */,
				DA6C82EA2A1BC5B3007B98F0 /* Assets.xcassets */,
				DA6C82EC2A1BC5B3007B98F0 /* Preview Content */,
			);
			path = Flashcards;
			sourceTree = "<group>";
		};
		DA6C82EC2A1BC5B3007B98F0 /* Preview Content */ = {
			isa = PBXGroup;
			children = (
				DA6C82ED2A1BC5B3007B98F0 /* Preview Assets.xcassets */,
			);
			path = "Preview Content";
			sourceTree = "<group>";
		};
		DA6C82F62A1BC5B3007B98F0 /* FlashcardsTests */ = {
			isa = PBXGroup;
			children = (
				DA6C82F72A1BC5B3007B98F0 /* FlashcardsTests.swift */,
			);
			path = FlashcardsTests;
			sourceTree = "<group>";
		};
		DA6C83102A1BD18C007B98F0 /* Model */ = {
			isa = PBXGroup;
			children = (
			);
			path = Model;
			sourceTree = "<group>";
		};
		DA6C83112A1BD193007B98F0 /* ViewModel */ = {
			isa = PBXGroup;
			children = (
				DA6C831F2A1D2025007B98F0 /* CardSetsViewModel.swift */,
				DA6C831D2A1D156C007B98F0 /* CardListViewModel.swift */,
			);
			path = ViewModel;
			sourceTree = "<group>";
		};
		DA6C83122A1BD199007B98F0 /* View */ = {
			isa = PBXGroup;
			children = (
				DA6C83192A1BE197007B98F0 /* CardSetsView.swift */,
				DA6C83132A1BD1B8007B98F0 /* CardListView.swift */,
				DA6C83152A1BD294007B98F0 /* QuizView.swift */,
				DA6C83172A1BD2B2007B98F0 /* SettingsView.swift */,
			);
			path = View;
			sourceTree = "<group>";
		};
		DA8140F42A2698D10015AD34 /* Services */ = {
			isa = PBXGroup;
			children = (
				DA8140F52A2698E00015AD34 /* CoreDataService.swift */,
			);
			path = Services;
			sourceTree = "<group>";
		};
/* End PBXGroup section */

/* Begin PBXNativeTarget section */
		DA6C82E22A1BC5B0007B98F0 /* Flashcards */ = {
			isa = PBXNativeTarget;
			buildConfigurationList = DA6C83072A1BC5B3007B98F0 /* Build configuration list for PBXNativeTarget "Flashcards" */;
			buildPhases = (
				DA6C82DF2A1BC5B0007B98F0 /* Sources */,
				DA6C82E02A1BC5B0007B98F0 /* Frameworks */,
				DA6C82E12A1BC5B0007B98F0 /* Resources */,
			);
			buildRules = (
			);
			dependencies = (
			);
			name = Flashcards;
			productName = Flashcards;
			productReference = DA6C82E32A1BC5B0007B98F0 /* Flashcards.app */;
			productType = "com.apple.product-type.application";
		};
		DA6C82F22A1BC5B3007B98F0 /* FlashcardsTests */ = {
			isa = PBXNativeTarget;
			buildConfigurationList = DA6C830A2A1BC5B3007B98F0 /* Build configuration list for PBXNativeTarget "FlashcardsTests" */;
			buildPhases = (
				DA6C82EF2A1BC5B3007B98F0 /* Sources */,
				DA6C82F02A1BC5B3007B98F0 /* Frameworks */,
				DA6C82F12A1BC5B3007B98F0 /* Resources */,
			);
			buildRules = (
			);
			dependencies = (
				DA6C82F52A1BC5B3007B98F0 /* PBXTargetDependency */,
			);
			name = FlashcardsTests;
			productName = FlashcardsTests;
			productReference = DA6C82F32A1BC5B3007B98F0 /* FlashcardsTests.xctest */;
			productType = "com.apple.product-type.bundle.unit-test";
		};
/* End PBXNativeTarget section */

/* Begin PBXProject section */
		DA6C82DB2A1BC5B0007B98F0 /* Project object */ = {
			isa = PBXProject;
			attributes = {
				BuildIndependentTargetsInParallel = 1;
				LastSwiftUpdateCheck = 1400;
				LastUpgradeCheck = 1400;
				TargetAttributes = {
					DA6C82E22A1BC5B0007B98F0 = {
						CreatedOnToolsVersion = 14.0.1;
					};
					DA6C82F22A1BC5B3007B98F0 = {
						CreatedOnToolsVersion = 14.0.1;
						TestTargetID = DA6C82E22A1BC5B0007B98F0;
					};
				};
			};
			buildConfigurationList = DA6C82DE2A1BC5B0007B98F0 /* Build configuration list for PBXProject "Flashcards" */;
			compatibilityVersion = "Xcode 14.0";
			developmentRegion = en;
			hasScannedForEncodings = 0;
			knownRegions = (
				en,
				Base,
			);
			mainGroup = DA6C82DA2A1BC5B0007B98F0;
			productRefGroup = DA6C82E42A1BC5B0007B98F0 /* Products */;
			projectDirPath = "";
			projectRoot = "";
			targets = (
				DA6C82E22A1BC5B0007B98F0 /* Flashcards */,
				DA6C82F22A1BC5B3007B98F0 /* FlashcardsTests */,
			);
		};
/* End PBXProject section */

/* Begin PBXResourcesBuildPhase section */
		DA6C82E12A1BC5B0007B98F0 /* Resources */ = {
			isa = PBXResourcesBuildPhase;
			buildActionMask = 2147483647;
			files = (
				DA6C82EE2A1BC5B3007B98F0 /* Preview Assets.xcassets in Resources */,
				DA6C831C2A1D13AB007B98F0 /* Localizable.strings in Resources */,
				DA6C82EB2A1BC5B3007B98F0 /* Assets.xcassets in Resources */,
			);
			runOnlyForDeploymentPostprocessing = 0;
		};
		DA6C82F12A1BC5B3007B98F0 /* Resources */ = {
			isa = PBXResourcesBuildPhase;
			buildActionMask = 2147483647;
			files = (
			);
			runOnlyForDeploymentPostprocessing = 0;
		};
/* End PBXResourcesBuildPhase section */

/* Begin PBXSourcesBuildPhase section */
		DA6C82DF2A1BC5B0007B98F0 /* Sources */ = {
			isa = PBXSourcesBuildPhase;
			buildActionMask = 2147483647;
			files = (
				DA6C83182A1BD2B2007B98F0 /* SettingsView.swift in Sources */,
				DA6C82E92A1BC5B0007B98F0 /* ContentView.swift in Sources */,
				DA8140F62A2698E00015AD34 /* CoreDataService.swift in Sources */,
				DA6C83162A1BD294007B98F0 /* QuizView.swift in Sources */,
				DA46EA5A2A2599E10086CE5F /* FlashcardsContainer.xcdatamodeld in Sources */,
				DA6C831A2A1BE197007B98F0 /* CardSetsView.swift in Sources */,
				DA6C83142A1BD1B8007B98F0 /* CardListView.swift in Sources */,
				DA6C82E72A1BC5B0007B98F0 /* FlashcardsApp.swift in Sources */,
				DA6C831E2A1D156C007B98F0 /* CardListViewModel.swift in Sources */,
				DA6C83202A1D2025007B98F0 /* CardSetsViewModel.swift in Sources */,
			);
			runOnlyForDeploymentPostprocessing = 0;
		};
		DA6C82EF2A1BC5B3007B98F0 /* Sources */ = {
			isa = PBXSourcesBuildPhase;
			buildActionMask = 2147483647;
			files = (
				DA6C82F82A1BC5B3007B98F0 /* FlashcardsTests.swift in Sources */,
			);
			runOnlyForDeploymentPostprocessing = 0;
		};
/* End PBXSourcesBuildPhase section */

/* Begin PBXTargetDependency section */
		DA6C82F52A1BC5B3007B98F0 /* PBXTargetDependency */ = {
			isa = PBXTargetDependency;
			target = DA6C82E22A1BC5B0007B98F0 /* Flashcards */;
			targetProxy = DA6C82F42A1BC5B3007B98F0 /* PBXContainerItemProxy */;
		};
/* End PBXTargetDependency section */

/* Begin XCBuildConfiguration section */
		DA6C83052A1BC5B3007B98F0 /* Debug */ = {
			isa = XCBuildConfiguration;
			buildSettings = {
				ALWAYS_SEARCH_USER_PATHS = NO;
				CLANG_ANALYZER_NONNULL = YES;
				CLANG_ANALYZER_NUMBER_OBJECT_CONVERSION = YES_AGGRESSIVE;
				CLANG_CXX_LANGUAGE_STANDARD = "gnu++20";
				CLANG_ENABLE_MODULES = YES;
				CLANG_ENABLE_OBJC_ARC = YES;
				CLANG_ENABLE_OBJC_WEAK = YES;
				CLANG_WARN_BLOCK_CAPTURE_AUTORELEASING = YES;
				CLANG_WARN_BOOL_CONVERSION = YES;
				CLANG_WARN_COMMA = YES;
				CLANG_WARN_CONSTANT_CONVERSION = YES;
				CLANG_WARN_DEPRECATED_OBJC_IMPLEMENTATIONS = YES;
				CLANG_WARN_DIRECT_OBJC_ISA_USAGE = YES_ERROR;
				CLANG_WARN_DOCUMENTATION_COMMENTS = YES;
				CLANG_WARN_EMPTY_BODY = YES;
				CLANG_WARN_ENUM_CONVERSION = YES;
				CLANG_WARN_INFINITE_RECURSION = YES;
				CLANG_WARN_INT_CONVERSION = YES;
				CLANG_WARN_NON_LITERAL_NULL_CONVERSION = YES;
				CLANG_WARN_OBJC_IMPLICIT_RETAIN_SELF = YES;
				CLANG_WARN_OBJC_LITERAL_CONVERSION = YES;
				CLANG_WARN_OBJC_ROOT_CLASS = YES_ERROR;
				CLANG_WARN_QUOTED_INCLUDE_IN_FRAMEWORK_HEADER = YES;
				CLANG_WARN_RANGE_LOOP_ANALYSIS = YES;
				CLANG_WARN_STRICT_PROTOTYPES = YES;
				CLANG_WARN_SUSPICIOUS_MOVE = YES;
				CLANG_WARN_UNGUARDED_AVAILABILITY = YES_AGGRESSIVE;
				CLANG_WARN_UNREACHABLE_CODE = YES;
				CLANG_WARN__DUPLICATE_METHOD_MATCH = YES;
				COPY_PHASE_STRIP = NO;
				DEBUG_INFORMATION_FORMAT = dwarf;
				ENABLE_STRICT_OBJC_MSGSEND = YES;
				ENABLE_TESTABILITY = YES;
				GCC_C_LANGUAGE_STANDARD = gnu11;
				GCC_DYNAMIC_NO_PIC = NO;
				GCC_NO_COMMON_BLOCKS = YES;
				GCC_OPTIMIZATION_LEVEL = 0;
				GCC_PREPROCESSOR_DEFINITIONS = (
					"DEBUG=1",
					"$(inherited)",
				);
				GCC_WARN_64_TO_32_BIT_CONVERSION = YES;
				GCC_WARN_ABOUT_RETURN_TYPE = YES_ERROR;
				GCC_WARN_UNDECLARED_SELECTOR = YES;
				GCC_WARN_UNINITIALIZED_AUTOS = YES_AGGRESSIVE;
				GCC_WARN_UNUSED_FUNCTION = YES;
				GCC_WARN_UNUSED_VARIABLE = YES;
				IPHONEOS_DEPLOYMENT_TARGET = 16.0;
				MTL_ENABLE_DEBUG_INFO = INCLUDE_SOURCE;
				MTL_FAST_MATH = YES;
				ONLY_ACTIVE_ARCH = YES;
				SDKROOT = iphoneos;
				SWIFT_ACTIVE_COMPILATION_CONDITIONS = DEBUG;
				SWIFT_OPTIMIZATION_LEVEL = "-Onone";
			};
			name = Debug;
		};
		DA6C83062A1BC5B3007B98F0 /* Release */ = {
			isa = XCBuildConfiguration;
			buildSettings = {
				ALWAYS_SEARCH_USER_PATHS = NO;
				CLANG_ANALYZER_NONNULL = YES;
				CLANG_ANALYZER_NUMBER_OBJECT_CONVERSION = YES_AGGRESSIVE;
				CLANG_CXX_LANGUAGE_STANDARD = "gnu++20";
				CLANG_ENABLE_MODULES = YES;
				CLANG_ENABLE_OBJC_ARC = YES;
				CLANG_ENABLE_OBJC_WEAK = YES;
				CLANG_WARN_BLOCK_CAPTURE_AUTORELEASING = YES;
				CLANG_WARN_BOOL_CONVERSION = YES;
				CLANG_WARN_COMMA = YES;
				CLANG_WARN_CONSTANT_CONVERSION = YES;
				CLANG_WARN_DEPRECATED_OBJC_IMPLEMENTATIONS = YES;
				CLANG_WARN_DIRECT_OBJC_ISA_USAGE = YES_ERROR;
				CLANG_WARN_DOCUMENTATION_COMMENTS = YES;
				CLANG_WARN_EMPTY_BODY = YES;
				CLANG_WARN_ENUM_CONVERSION = YES;
				CLANG_WARN_INFINITE_RECURSION = YES;
				CLANG_WARN_INT_CONVERSION = YES;
				CLANG_WARN_NON_LITERAL_NULL_CONVERSION = YES;
				CLANG_WARN_OBJC_IMPLICIT_RETAIN_SELF = YES;
				CLANG_WARN_OBJC_LITERAL_CONVERSION = YES;
				CLANG_WARN_OBJC_ROOT_CLASS = YES_ERROR;
				CLANG_WARN_QUOTED_INCLUDE_IN_FRAMEWORK_HEADER = YES;
				CLANG_WARN_RANGE_LOOP_ANALYSIS = YES;
				CLANG_WARN_STRICT_PROTOTYPES = YES;
				CLANG_WARN_SUSPICIOUS_MOVE = YES;
				CLANG_WARN_UNGUARDED_AVAILABILITY = YES_AGGRESSIVE;
				CLANG_WARN_UNREACHABLE_CODE = YES;
				CLANG_WARN__DUPLICATE_METHOD_MATCH = YES;
				COPY_PHASE_STRIP = NO;
				DEBUG_INFORMATION_FORMAT = "dwarf-with-dsym";
				ENABLE_NS_ASSERTIONS = NO;
				ENABLE_STRICT_OBJC_MSGSEND = YES;
				GCC_C_LANGUAGE_STANDARD = gnu11;
				GCC_NO_COMMON_BLOCKS = YES;
				GCC_WARN_64_TO_32_BIT_CONVERSION = YES;
				GCC_WARN_ABOUT_RETURN_TYPE = YES_ERROR;
				GCC_WARN_UNDECLARED_SELECTOR = YES;
				GCC_WARN_UNINITIALIZED_AUTOS = YES_AGGRESSIVE;
				GCC_WARN_UNUSED_FUNCTION = YES;
				GCC_WARN_UNUSED_VARIABLE = YES;
				IPHONEOS_DEPLOYMENT_TARGET = 16.0;
				MTL_ENABLE_DEBUG_INFO = NO;
				MTL_FAST_MATH = YES;
				SDKROOT = iphoneos;
				SWIFT_COMPILATION_MODE = wholemodule;
				SWIFT_OPTIMIZATION_LEVEL = "-O";
				VALIDATE_PRODUCT = YES;
			};
			name = Release;
		};
		DA6C83082A1BC5B3007B98F0 /* Debug */ = {
			isa = XCBuildConfiguration;
			buildSettings = {
				ASSETCATALOG_COMPILER_APPICON_NAME = AppIcon;
				ASSETCATALOG_COMPILER_GLOBAL_ACCENT_COLOR_NAME = AccentColor;
				CODE_SIGN_STYLE = Automatic;
				CURRENT_PROJECT_VERSION = 1;
				DEVELOPMENT_ASSET_PATHS = "\"Flashcards/Preview Content\"";
				DEVELOPMENT_TEAM = H5HY9QQ8RU;
				ENABLE_PREVIEWS = YES;
				GENERATE_INFOPLIST_FILE = YES;
				INFOPLIST_KEY_UIApplicationSceneManifest_Generation = YES;
				INFOPLIST_KEY_UIApplicationSupportsIndirectInputEvents = YES;
				INFOPLIST_KEY_UILaunchScreen_Generation = YES;
				INFOPLIST_KEY_UISupportedInterfaceOrientations_iPad = "UIInterfaceOrientationPortrait UIInterfaceOrientationPortraitUpsideDown UIInterfaceOrientationLandscapeLeft UIInterfaceOrientationLandscapeRight";
				INFOPLIST_KEY_UISupportedInterfaceOrientations_iPhone = "UIInterfaceOrientationPortrait UIInterfaceOrientationLandscapeLeft UIInterfaceOrientationLandscapeRight";
				IPHONEOS_DEPLOYMENT_TARGET = 16.0;
				LD_RUNPATH_SEARCH_PATHS = (
					"$(inherited)",
					"@executable_path/Frameworks",
				);
				MARKETING_VERSION = 1.0;
				PRODUCT_BUNDLE_IDENTIFIER = gcsiu.Flashcards;
				PRODUCT_NAME = "$(TARGET_NAME)";
				SWIFT_EMIT_LOC_STRINGS = YES;
				SWIFT_VERSION = 5.0;
				TARGETED_DEVICE_FAMILY = "1,2";
			};
			name = Debug;
		};
		DA6C83092A1BC5B3007B98F0 /* Release */ = {
			isa = XCBuildConfiguration;
			buildSettings = {
				ASSETCATALOG_COMPILER_APPICON_NAME = AppIcon;
				ASSETCATALOG_COMPILER_GLOBAL_ACCENT_COLOR_NAME = AccentColor;
				CODE_SIGN_STYLE = Automatic;
				CURRENT_PROJECT_VERSION = 1;
				DEVELOPMENT_ASSET_PATHS = "\"Flashcards/Preview Content\"";
				DEVELOPMENT_TEAM = H5HY9QQ8RU;
				ENABLE_PREVIEWS = YES;
				GENERATE_INFOPLIST_FILE = YES;
				INFOPLIST_KEY_UIApplicationSceneManifest_Generation = YES;
				INFOPLIST_KEY_UIApplicationSupportsIndirectInputEvents = YES;
				INFOPLIST_KEY_UILaunchScreen_Generation = YES;
				INFOPLIST_KEY_UISupportedInterfaceOrientations_iPad = "UIInterfaceOrientationPortrait UIInterfaceOrientationPortraitUpsideDown UIInterfaceOrientationLandscapeLeft UIInterfaceOrientationLandscapeRight";
				INFOPLIST_KEY_UISupportedInterfaceOrientations_iPhone = "UIInterfaceOrientationPortrait UIInterfaceOrientationLandscapeLeft UIInterfaceOrientationLandscapeRight";
				IPHONEOS_DEPLOYMENT_TARGET = 16.0;
				LD_RUNPATH_SEARCH_PATHS = (
					"$(inherited)",
					"@executable_path/Frameworks",
				);
				MARKETING_VERSION = 1.0;
				PRODUCT_BUNDLE_IDENTIFIER = gcsiu.Flashcards;
				PRODUCT_NAME = "$(TARGET_NAME)";
				SWIFT_EMIT_LOC_STRINGS = YES;
				SWIFT_VERSION = 5.0;
				TARGETED_DEVICE_FAMILY = "1,2";
			};
			name = Release;
		};
		DA6C830B2A1BC5B3007B98F0 /* Debug */ = {
			isa = XCBuildConfiguration;
			buildSettings = {
				ALWAYS_EMBED_SWIFT_STANDARD_LIBRARIES = YES;
				BUNDLE_LOADER = "$(TEST_HOST)";
				CODE_SIGN_STYLE = Automatic;
				CURRENT_PROJECT_VERSION = 1;
				DEVELOPMENT_TEAM = H5HY9QQ8RU;
				GENERATE_INFOPLIST_FILE = YES;
				IPHONEOS_DEPLOYMENT_TARGET = 16.0;
				MARKETING_VERSION = 1.0;
				PRODUCT_BUNDLE_IDENTIFIER = gcsiu.FlashcardsTests;
				PRODUCT_NAME = "$(TARGET_NAME)";
				SWIFT_EMIT_LOC_STRINGS = NO;
				SWIFT_VERSION = 5.0;
				TARGETED_DEVICE_FAMILY = "1,2";
				TEST_HOST = "$(BUILT_PRODUCTS_DIR)/Flashcards.app/$(BUNDLE_EXECUTABLE_FOLDER_PATH)/Flashcards";
			};
			name = Debug;
		};
		DA6C830C2A1BC5B3007B98F0 /* Release */ = {
			isa = XCBuildConfiguration;
			buildSettings = {
				ALWAYS_EMBED_SWIFT_STANDARD_LIBRARIES = YES;
				BUNDLE_LOADER = "$(TEST_HOST)";
				CODE_SIGN_STYLE = Automatic;
				CURRENT_PROJECT_VERSION = 1;
				DEVELOPMENT_TEAM = H5HY9QQ8RU;
				GENERATE_INFOPLIST_FILE = YES;
				IPHONEOS_DEPLOYMENT_TARGET = 16.0;
				MARKETING_VERSION = 1.0;
				PRODUCT_BUNDLE_IDENTIFIER = gcsiu.FlashcardsTests;
				PRODUCT_NAME = "$(TARGET_NAME)";
				SWIFT_EMIT_LOC_STRINGS = NO;
				SWIFT_VERSION = 5.0;
				TARGETED_DEVICE_FAMILY = "1,2";
				TEST_HOST = "$(BUILT_PRODUCTS_DIR)/Flashcards.app/$(BUNDLE_EXECUTABLE_FOLDER_PATH)/Flashcards";
			};
			name = Release;
		};
/* End XCBuildConfiguration section */

/* Begin XCConfigurationList section */
		DA6C82DE2A1BC5B0007B98F0 /* Build configuration list for PBXProject "Flashcards" */ = {
			isa = XCConfigurationList;
			buildConfigurations = (
				DA6C83052A1BC5B3007B98F0 /* Debug */,
				DA6C83062A1BC5B3007B98F0 /* Release */,
			);
			defaultConfigurationIsVisible = 0;
			defaultConfigurationName = Release;
		};
		DA6C83072A1BC5B3007B98F0 /* Build configuration list for PBXNativeTarget "Flashcards" */ = {
			isa = XCConfigurationList;
			buildConfigurations = (
				DA6C83082A1BC5B3007B98F0 /* Debug */,
				DA6C83092A1BC5B3007B98F0 /* Release */,
			);
			defaultConfigurationIsVisible = 0;
			defaultConfigurationName = Release;
		};
		DA6C830A2A1BC5B3007B98F0 /* Build configuration list for PBXNativeTarget "FlashcardsTests" */ = {
			isa = XCConfigurationList;
			buildConfigurations = (
				DA6C830B2A1BC5B3007B98F0 /* Debug */,
				DA6C830C2A1BC5B3007B98F0 /* Release */,
			);
			defaultConfigurationIsVisible = 0;
			defaultConfigurationName = Release;
		};
/* End XCConfigurationList section */

/* Begin XCVersionGroup section */
		DA46EA582A2599E10086CE5F /* FlashcardsContainer.xcdatamodeld */ = {
			isa = XCVersionGroup;
			children = (
				DA46EA592A2599E10086CE5F /* FlashcardsContainer.xcdatamodel */,
			);
			currentVersion = DA46EA592A2599E10086CE5F /* FlashcardsContainer.xcdatamodel */;
			path = FlashcardsContainer.xcdatamodeld;
			sourceTree = "<group>";
			versionGroupType = wrapper.xcdatamodel;
		};
/* End XCVersionGroup section */
	};
	rootObject = DA6C82DB2A1BC5B0007B98F0 /* Project object */;
}
